
Microsoft Visual Studio Solution File, Format Version 12.00
# Visual Studio 15
VisualStudioVersion = 15.0.26430.4
MinimumVisualStudioVersion = 10.0.40219.1
Project("{2150E333-8FDC-42A3-9474-1A3956D46DE8}") = "0 - Presentation", "0 - Presentation", "{EC553DB4-CF59-44CB-98D8-3458106206FF}"
EndProject
Project("{2150E333-8FDC-42A3-9474-1A3956D46DE8}") = "1 - Services", "1 - Services", "{65A844D7-CE3F-488E-8BC1-37F98C77C0C1}"
EndProject
Project("{2150E333-8FDC-42A3-9474-1A3956D46DE8}") = "2 - Application", "2 - Application", "{179B1906-EE3D-4478-AD10-281B8C5C5487}"
EndProject
Project("{2150E333-8FDC-42A3-9474-1A3956D46DE8}") = "3 - Domain", "3 - Domain", "{0E54638C-3E65-4DBD-AA24-F8A79F7BECE9}"
EndProject
Project("{2150E333-8FDC-42A3-9474-1A3956D46DE8}") = "4 - Infra", "4 - Infra", "{AC14F8BA-41B7-4CA8-90EB-975FEA8EB3F8}"
EndProject
Project("{2150E333-8FDC-42A3-9474-1A3956D46DE8}") = "4.1 - Data", "4.1 - Data", "{7A7707AB-E192-4F28-954F-779A6BBC6279}"
EndProject
Project("{2150E333-8FDC-42A3-9474-1A3956D46DE8}") = "4.2 - CrossCutting", "4.2 - CrossCutting", "{A8C4AF21-4E38-4B63-A776-E84A41BA8673}"
EndProject
Project("{FAE04EC0-301F-11D3-BF4B-00C04F79EFBC}") = "ProjetoModeloDDD.MVC", "ProjetoModeloDDD.MVC\ProjetoModeloDDD.MVC.csproj", "{99564703-A66A-4AD9-B7F5-E9DEA2A297E3}"
EndProject
Project("{FAE04EC0-301F-11D3-BF4B-00C04F79EFBC}") = "ProjetoModeloDDD.Domain", "ProjetoModeloDDD.Domain\ProjetoModeloDDD.Domain.csproj", "{457D4900-9FB8-450F-91D6-50537A52991B}"
EndProject
Project("{FAE04EC0-301F-11D3-BF4B-00C04F79EFBC}") = "ProjetoModeloDDD.Infra.Data", "ProjetoModeloDDD.Infra.Data\ProjetoModeloDDD.Infra.Data.csproj", "{A938FE4F-D806-43E3-9F11-78E26C139A75}"
EndProject
Project("{FAE04EC0-301F-11D3-BF4B-00C04F79EFBC}") = "ProjetoModeloDDD.Application", "ProjetoModeloDDD.Application\ProjetoModeloDDD.Application.csproj", "{6CA24576-3249-40F4-B150-06AD86CEF294}"
EndProject
Global
	GlobalSection(SolutionConfigurationPlatforms) = preSolution
		Debug|Any CPU = Debug|Any CPU
		Release|Any CPU = Release|Any CPU
	EndGlobalSection
	GlobalSection(ProjectConfigurationPlatforms) = postSolution
		{99564703-A66A-4AD9-B7F5-E9DEA2A297E3}.Debug|Any CPU.ActiveCfg = Debug|Any CPU
		{99564703-A66A-4AD9-B7F5-E9DEA2A297E3}.Debug|Any CPU.Build.0 = Debug|Any CPU
		{99564703-A66A-4AD9-B7F5-E9DEA2A297E3}.Release|Any CPU.ActiveCfg = Release|Any CPU
		{99564703-A66A-4AD9-B7F5-E9DEA2A297E3}.Release|Any CPU.Build.0 = Release|Any CPU
		{457D4900-9FB8-450F-91D6-50537A52991B}.Debug|Any CPU.ActiveCfg = Debug|Any CPU
		{457D4900-9FB8-450F-91D6-50537A52991B}.Debug|Any CPU.Build.0 = Debug|Any CPU
		{457D4900-9FB8-450F-91D6-50537A52991B}.Release|Any CPU.ActiveCfg = Release|Any CPU
		{457D4900-9FB8-450F-91D6-50537A52991B}.Release|Any CPU.Build.0 = Release|Any CPU
		{A938FE4F-D806-43E3-9F11-78E26C139A75}.Debug|Any CPU.ActiveCfg = Debug|Any CPU
		{A938FE4F-D806-43E3-9F11-78E26C139A75}.Debug|Any CPU.Build.0 = Debug|Any CPU
		{A938FE4F-D806-43E3-9F11-78E26C139A75}.Release|Any CPU.ActiveCfg = Release|Any CPU
		{A938FE4F-D806-43E3-9F11-78E26C139A75}.Release|Any CPU.Build.0 = Release|Any CPU
		{6CA24576-3249-40F4-B150-06AD86CEF294}.Debug|Any CPU.ActiveCfg = Debug|Any CPU
		{6CA24576-3249-40F4-B150-06AD86CEF294}.Debug|Any CPU.Build.0 = Debug|Any CPU
		{6CA24576-3249-40F4-B150-06AD86CEF294}.Release|Any CPU.ActiveCfg = Release|Any CPU
		{6CA24576-3249-40F4-B150-06AD86CEF294}.Release|Any CPU.Build.0 = Release|Any CPU
	EndGlobalSection
	GlobalSection(SolutionProperties) = preSolution
		HideSolutionNode = FALSE
	EndGlobalSection
	GlobalSection(NestedProjects) = preSolution
		{7A7707AB-E192-4F28-954F-779A6BBC6279} = {AC14F8BA-41B7-4CA8-90EB-975FEA8EB3F8}
		{A8C4AF21-4E38-4B63-A776-E84A41BA8673} = {AC14F8BA-41B7-4CA8-90EB-975FEA8EB3F8}
		{99564703-A66A-4AD9-B7F5-E9DEA2A297E3} = {EC553DB4-CF59-44CB-98D8-3458106206FF}
		{457D4900-9FB8-450F-91D6-50537A52991B} = {0E54638C-3E65-4DBD-AA24-F8A79F7BECE9}
		{A938FE4F-D806-43E3-9F11-78E26C139A75} = {7A7707AB-E192-4F28-954F-779A6BBC6279}
		{6CA24576-3249-40F4-B150-06AD86CEF294} = {179B1906-EE3D-4478-AD10-281B8C5C5487}
	EndGlobalSection
EndGlobal
